
Microsoft Visual Studio Solution File, Format Version 12.00
# Visual Studio Version 17
VisualStudioVersion = 17.1.32210.238
MinimumVisualStudioVersion = 10.0.40219.1
Project("{FAE04EC0-301F-11D3-BF4B-00C04F79EFBC}") = "WebApiExample", "WebApiExample\WebApiExample.csproj", "{5B9F6B61-4593-4898-A92F-BE76F61472BC}"
EndProject
Global
	GlobalSection(SolutionConfigurationPlatforms) = preSolution
		Debug|Any CPU = Debug|Any CPU
		Release|Any CPU = Release|Any CPU
	EndGlobalSection
	GlobalSection(ProjectConfigurationPlatforms) = postSolution
		{5B9F6B61-4593-4898-A92F-BE76F61472BC}.Debug|Any CPU.ActiveCfg = Debug|Any CPU
		{5B9F6B61-4593-4898-A92F-BE76F61472BC}.Debug|Any CPU.Build.0 = Debug|Any CPU
		{5B9F6B61-4593-4898-A92F-BE76F61472BC}.Release|Any CPU.ActiveCfg = Release|Any CPU
		{5B9F6B61-4593-4898-A92F-BE76F61472BC}.Release|Any CPU.Build.0 = Release|Any CPU
	EndGlobalSection
	GlobalSection(SolutionProperties) = preSolution
		HideSolutionNode = FALSE
	EndGlobalSection
	GlobalSection(ExtensibilityGlobals) = postSolution
		SolutionGuid = {0A615620-B6F8-409D-AF99-20F1BB0D7037}
	EndGlobalSection
EndGlobal
